
Microsoft Visual Studio Solution File, Format Version 12.00
# Visual Studio Version 16
VisualStudioVersion = 16.0.29806.167
MinimumVisualStudioVersion = 10.0.40219.1
Project("{FAE04EC0-301F-11D3-BF4B-00C04F79EFBC}") = "ApiSep.Wcf", "Wcf\ApiSep.Wcf\ApiSep.Wcf.csproj", "{25BCC673-1516-45AD-92B7-DD86BD18DFAE}"
EndProject
Project("{FAE04EC0-301F-11D3-BF4B-00C04F79EFBC}") = "ApiSep.Dal", "ApiSep.Dal\ApiSep.Dal.csproj", "{F484AC89-EC6F-4173-84CD-352371CD96AB}"
EndProject
Project("{FAE04EC0-301F-11D3-BF4B-00C04F79EFBC}") = "ApiSep.Library", "ApiSep.Library\ApiSep.Library.csproj", "{0DC9EE50-3C11-45FA-B222-BEEAC853F8BC}"
EndProject
Project("{9A19103F-16F7-4668-BE54-9A1E7A4F7556}") = "ApiSep.Ui.Form", "ApiSep.Ui.Form\ApiSep.Ui.Form.csproj", "{4E59349B-E217-49E7-8A72-D2BE0919E07C}"
EndProject
Project("{FAE04EC0-301F-11D3-BF4B-00C04F79EFBC}") = "ApiSep.Ui.Grid", "ApiSep.Ui.Grid\ApiSep.Ui.Grid.csproj", "{34FE9255-4756-4AC1-8E76-2072375CD3BA}"
EndProject
Project("{9A19103F-16F7-4668-BE54-9A1E7A4F7556}") = "ApiSep.RabbitRx", "ApiSep.RabbitRx\ApiSep.RabbitRx.csproj", "{8594DA74-81EF-4014-A46C-4BB6DD3D2BDD}"
EndProject
Global
	GlobalSection(SolutionConfigurationPlatforms) = preSolution
		Debug|Any CPU = Debug|Any CPU
		Debug|x64 = Debug|x64
		Release|Any CPU = Release|Any CPU
		Release|x64 = Release|x64
	EndGlobalSection
	GlobalSection(ProjectConfigurationPlatforms) = postSolution
		{25BCC673-1516-45AD-92B7-DD86BD18DFAE}.Debug|Any CPU.ActiveCfg = Debug|Any CPU
		{25BCC673-1516-45AD-92B7-DD86BD18DFAE}.Debug|Any CPU.Build.0 = Debug|Any CPU
		{25BCC673-1516-45AD-92B7-DD86BD18DFAE}.Debug|x64.ActiveCfg = Debug|x64
		{25BCC673-1516-45AD-92B7-DD86BD18DFAE}.Debug|x64.Build.0 = Debug|x64
		{25BCC673-1516-45AD-92B7-DD86BD18DFAE}.Release|Any CPU.ActiveCfg = Release|Any CPU
		{25BCC673-1516-45AD-92B7-DD86BD18DFAE}.Release|Any CPU.Build.0 = Release|Any CPU
		{25BCC673-1516-45AD-92B7-DD86BD18DFAE}.Release|x64.ActiveCfg = Release|x64
		{25BCC673-1516-45AD-92B7-DD86BD18DFAE}.Release|x64.Build.0 = Release|x64
		{F484AC89-EC6F-4173-84CD-352371CD96AB}.Debug|Any CPU.ActiveCfg = Debug|Any CPU
		{F484AC89-EC6F-4173-84CD-352371CD96AB}.Debug|Any CPU.Build.0 = Debug|Any CPU
		{F484AC89-EC6F-4173-84CD-352371CD96AB}.Debug|x64.ActiveCfg = Debug|Any CPU
		{F484AC89-EC6F-4173-84CD-352371CD96AB}.Debug|x64.Build.0 = Debug|Any CPU
		{F484AC89-EC6F-4173-84CD-352371CD96AB}.Release|Any CPU.ActiveCfg = Release|Any CPU
		{F484AC89-EC6F-4173-84CD-352371CD96AB}.Release|Any CPU.Build.0 = Release|Any CPU
		{F484AC89-EC6F-4173-84CD-352371CD96AB}.Release|x64.ActiveCfg = Release|Any CPU
		{F484AC89-EC6F-4173-84CD-352371CD96AB}.Release|x64.Build.0 = Release|Any CPU
		{0DC9EE50-3C11-45FA-B222-BEEAC853F8BC}.Debug|Any CPU.ActiveCfg = Debug|Any CPU
		{0DC9EE50-3C11-45FA-B222-BEEAC853F8BC}.Debug|Any CPU.Build.0 = Debug|Any CPU
		{0DC9EE50-3C11-45FA-B222-BEEAC853F8BC}.Debug|x64.ActiveCfg = Debug|Any CPU
		{0DC9EE50-3C11-45FA-B222-BEEAC853F8BC}.Debug|x64.Build.0 = Debug|Any CPU
		{0DC9EE50-3C11-45FA-B222-BEEAC853F8BC}.Release|Any CPU.ActiveCfg = Release|Any CPU
		{0DC9EE50-3C11-45FA-B222-BEEAC853F8BC}.Release|Any CPU.Build.0 = Release|Any CPU
		{0DC9EE50-3C11-45FA-B222-BEEAC853F8BC}.Release|x64.ActiveCfg = Release|Any CPU
		{0DC9EE50-3C11-45FA-B222-BEEAC853F8BC}.Release|x64.Build.0 = Release|Any CPU
		{4E59349B-E217-49E7-8A72-D2BE0919E07C}.Debug|Any CPU.ActiveCfg = Debug|Any CPU
		{4E59349B-E217-49E7-8A72-D2BE0919E07C}.Debug|Any CPU.Build.0 = Debug|Any CPU
		{4E59349B-E217-49E7-8A72-D2BE0919E07C}.Debug|x64.ActiveCfg = Debug|Any CPU
		{4E59349B-E217-49E7-8A72-D2BE0919E07C}.Debug|x64.Build.0 = Debug|Any CPU
		{4E59349B-E217-49E7-8A72-D2BE0919E07C}.Release|Any CPU.ActiveCfg = Release|Any CPU
		{4E59349B-E217-49E7-8A72-D2BE0919E07C}.Release|Any CPU.Build.0 = Release|Any CPU
		{4E59349B-E217-49E7-8A72-D2BE0919E07C}.Release|x64.ActiveCfg = Release|Any CPU
		{4E59349B-E217-49E7-8A72-D2BE0919E07C}.Release|x64.Build.0 = Release|Any CPU
		{34FE9255-4756-4AC1-8E76-2072375CD3BA}.Debug|Any CPU.ActiveCfg = Debug|Any CPU
		{34FE9255-4756-4AC1-8E76-2072375CD3BA}.Debug|Any CPU.Build.0 = Debug|Any CPU
		{34FE9255-4756-4AC1-8E76-2072375CD3BA}.Debug|x64.ActiveCfg = Debug|Any CPU
		{34FE9255-4756-4AC1-8E76-2072375CD3BA}.Debug|x64.Build.0 = Debug|Any CPU
		{34FE9255-4756-4AC1-8E76-2072375CD3BA}.Release|Any CPU.ActiveCfg = Release|Any CPU
		{34FE9255-4756-4AC1-8E76-2072375CD3BA}.Release|Any CPU.Build.0 = Release|Any CPU
		{34FE9255-4756-4AC1-8E76-2072375CD3BA}.Release|x64.ActiveCfg = Release|Any CPU
		{34FE9255-4756-4AC1-8E76-2072375CD3BA}.Release|x64.Build.0 = Release|Any CPU
		{8594DA74-81EF-4014-A46C-4BB6DD3D2BDD}.Debug|Any CPU.ActiveCfg = Debug|Any CPU
		{8594DA74-81EF-4014-A46C-4BB6DD3D2BDD}.Debug|Any CPU.Build.0 = Debug|Any CPU
		{8594DA74-81EF-4014-A46C-4BB6DD3D2BDD}.Debug|x64.ActiveCfg = Debug|Any CPU
		{8594DA74-81EF-4014-A46C-4BB6DD3D2BDD}.Debug|x64.Build.0 = Debug|Any CPU
		{8594DA74-81EF-4014-A46C-4BB6DD3D2BDD}.Release|Any CPU.ActiveCfg = Release|Any CPU
		{8594DA74-81EF-4014-A46C-4BB6DD3D2BDD}.Release|Any CPU.Build.0 = Release|Any CPU
		{8594DA74-81EF-4014-A46C-4BB6DD3D2BDD}.Release|x64.ActiveCfg = Release|Any CPU
		{8594DA74-81EF-4014-A46C-4BB6DD3D2BDD}.Release|x64.Build.0 = Release|Any CPU
	EndGlobalSection
	GlobalSection(SolutionProperties) = preSolution
		HideSolutionNode = FALSE
	EndGlobalSection
	GlobalSection(ExtensibilityGlobals) = postSolution
		SolutionGuid = {D9018CF7-E5B2-4B69-AC07-67F1DE6FA778}
	EndGlobalSection
EndGlobal
